
Microsoft Visual Studio Solution File, Format Version 12.00
# Visual Studio Version 16
VisualStudioVersion = 16.0.29102.190
MinimumVisualStudioVersion = 10.0.40219.1
Project("{FAE04EC0-301F-11D3-BF4B-00C04F79EFBC}") = "01.Logger", "01.Logger\01.Logger.csproj", "{CA57EE2D-F65A-48C6-BE09-6BC40AF75E92}"
EndProject
Global
	GlobalSection(SolutionConfigurationPlatforms) = preSolution
		Debug|Any CPU = Debug|Any CPU
		Release|Any CPU = Release|Any CPU
	EndGlobalSection
	GlobalSection(ProjectConfigurationPlatforms) = postSolution
		{CA57EE2D-F65A-48C6-BE09-6BC40AF75E92}.Debug|Any CPU.ActiveCfg = Debug|Any CPU
		{CA57EE2D-F65A-48C6-BE09-6BC40AF75E92}.Debug|Any CPU.Build.0 = Debug|Any CPU
		{CA57EE2D-F65A-48C6-BE09-6BC40AF75E92}.Release|Any CPU.ActiveCfg = Release|Any CPU
		{CA57EE2D-F65A-48C6-BE09-6BC40AF75E92}.Release|Any CPU.Build.0 = Release|Any CPU
	EndGlobalSection
	GlobalSection(SolutionProperties) = preSolution
		HideSolutionNode = FALSE
	EndGlobalSection
	GlobalSection(ExtensibilityGlobals) = postSolution
		SolutionGuid = {413F0EBD-B358-4A63-9E00-AA47CC8FC763}
	EndGlobalSection
EndGlobal
