
Microsoft Visual Studio Solution File, Format Version 12.00
# Visual Studio Version 16
VisualStudioVersion = 16.0.29102.190
MinimumVisualStudioVersion = 10.0.40219.1
Project("{FAE04EC0-301F-11D3-BF4B-00C04F79EFBC}") = "01.Stealer", "01.Stealer\01.Stealer.csproj", "{52EA6A6F-E33C-4B26-B148-B11A9558C8B9}"
EndProject
Global
	GlobalSection(SolutionConfigurationPlatforms) = preSolution
		Debug|Any CPU = Debug|Any CPU
		Release|Any CPU = Release|Any CPU
	EndGlobalSection
	GlobalSection(ProjectConfigurationPlatforms) = postSolution
		{52EA6A6F-E33C-4B26-B148-B11A9558C8B9}.Debug|Any CPU.ActiveCfg = Debug|Any CPU
		{52EA6A6F-E33C-4B26-B148-B11A9558C8B9}.Debug|Any CPU.Build.0 = Debug|Any CPU
		{52EA6A6F-E33C-4B26-B148-B11A9558C8B9}.Release|Any CPU.ActiveCfg = Release|Any CPU
		{52EA6A6F-E33C-4B26-B148-B11A9558C8B9}.Release|Any CPU.Build.0 = Release|Any CPU
	EndGlobalSection
	GlobalSection(SolutionProperties) = preSolution
		HideSolutionNode = FALSE
	EndGlobalSection
	GlobalSection(ExtensibilityGlobals) = postSolution
		SolutionGuid = {AE11E743-99D1-4268-9CF4-E39210CD7DC4}
	EndGlobalSection
EndGlobal
